// !$*UTF8*$!
{
	archiveVersion = 1;
	classes = {
	};
	objectVersion = 55;
	objects = {

/* Begin PBXBuildFile section */
		0F84F2B163178C566E0BBA09 /* libPods-SVPlayer.a in Frameworks */ = {isa = PBXBuildFile; fileRef = 11D8E6633CF2D1C592997153 /* libPods-SVPlayer.a */; };
		5680B8C82D36416E004B2513 /* AppDelegate.m in Sources */ = {isa = PBXBuildFile; fileRef = 5680B8C72D36416E004B2513 /* AppDelegate.m */; };
		5680B8D32D364170004B2513 /* Assets.xcassets in Resources */ = {isa = PBXBuildFile; fileRef = 5680B8D22D364170004B2513 /* Assets.xcassets */; };
		5680B8D62D364170004B2513 /* LaunchScreen.storyboard in Resources */ = {isa = PBXBuildFile; fileRef = 5680B8D42D364170004B2513 /* LaunchScreen.storyboard */; };
		5680B8D92D364170004B2513 /* main.m in Sources */ = {isa = PBXBuildFile; fileRef = 5680B8D82D364170004B2513 /* main.m */; };
		5680B8E82D364812004B2513 /* SVTabBarViewController.m in Sources */ = {isa = PBXBuildFile; fileRef = 5680B8E72D364812004B2513 /* SVTabBarViewController.m */; };
		5680B8EF2D364E91004B2513 /* UserHomeViewController.m in Sources */ = {isa = PBXBuildFile; fileRef = 5680B8EE2D364E91004B2513 /* UserHomeViewController.m */; };
		5680B8F32D3650C9004B2513 /* VideoTableViewController.m in Sources */ = {isa = PBXBuildFile; fileRef = 5680B8F22D3650C9004B2513 /* VideoTableViewController.m */; };
		AC3608882D3D429700CF2249 /* UserHomeCollectionLayout.m in Sources */ = {isa = PBXBuildFile; fileRef = AC3608872D3D429700CF2249 /* UserHomeCollectionLayout.m */; };
		ACC1B2AE2D3D5DA400903D15 /* UserInfoHeader.m in Sources */ = {isa = PBXBuildFile; fileRef = ACC1B2AD2D3D5DA400903D15 /* UserInfoHeader.m */; };
		ACC1B2B12D51113200903D15 /* SlideTabBar.m in Sources */ = {isa = PBXBuildFile; fileRef = ACC1B2B02D51113200903D15 /* SlideTabBar.m */; };
/* End PBXBuildFile section */

/* Begin PBXFileReference section */
		11D8E6633CF2D1C592997153 /* libPods-SVPlayer.a */ = {isa = PBXFileReference; explicitFileType = archive.ar; includeInIndex = 0; path = "libPods-SVPlayer.a"; sourceTree = BUILT_PRODUCTS_DIR; };
		4BEC7E7ED64F521AD3FD5BF5 /* Pods-SVPlayer.release.xcconfig */ = {isa = PBXFileReference; includeInIndex = 1; lastKnownFileType = text.xcconfig; name = "Pods-SVPlayer.release.xcconfig"; path = "Target Support Files/Pods-SVPlayer/Pods-SVPlayer.release.xcconfig"; sourceTree = "<group>"; };
		5680B8C32D36416E004B2513 /* SVPlayer.app */ = {isa = PBXFileReference; explicitFileType = wrapper.application; includeInIndex = 0; path = SVPlayer.app; sourceTree = BUILT_PRODUCTS_DIR; };
		5680B8C62D36416E004B2513 /* AppDelegate.h */ = {isa = PBXFileReference; lastKnownFileType = sourcecode.c.h; path = AppDelegate.h; sourceTree = "<group>"; };
		5680B8C72D36416E004B2513 /* AppDelegate.m */ = {isa = PBXFileReference; lastKnownFileType = sourcecode.c.objc; path = AppDelegate.m; sourceTree = "<group>"; };
		5680B8D22D364170004B2513 /* Assets.xcassets */ = {isa = PBXFileReference; lastKnownFileType = folder.assetcatalog; path = Assets.xcassets; sourceTree = "<group>"; };
		5680B8D52D364170004B2513 /* Base */ = {isa = PBXFileReference; lastKnownFileType = file.storyboard; name = Base; path = Base.lproj/LaunchScreen.storyboard; sourceTree = "<group>"; };
		5680B8D72D364170004B2513 /* Info.plist */ = {isa = PBXFileReference; lastKnownFileType = text.plist.xml; path = Info.plist; sourceTree = "<group>"; };
		5680B8D82D364170004B2513 /* main.m */ = {isa = PBXFileReference; lastKnownFileType = sourcecode.c.objc; path = main.m; sourceTree = "<group>"; };
		5680B8E62D364812004B2513 /* SVTabBarViewController.h */ = {isa = PBXFileReference; lastKnownFileType = sourcecode.c.h; path = SVTabBarViewController.h; sourceTree = "<group>"; };
		5680B8E72D364812004B2513 /* SVTabBarViewController.m */ = {isa = PBXFileReference; lastKnownFileType = sourcecode.c.objc; path = SVTabBarViewController.m; sourceTree = "<group>"; };
		5680B8ED2D364E91004B2513 /* UserHomeViewController.h */ = {isa = PBXFileReference; lastKnownFileType = sourcecode.c.h; path = UserHomeViewController.h; sourceTree = "<group>"; };
		5680B8EE2D364E91004B2513 /* UserHomeViewController.m */ = {isa = PBXFileReference; lastKnownFileType = sourcecode.c.objc; path = UserHomeViewController.m; sourceTree = "<group>"; };
		5680B8F12D3650C9004B2513 /* VideoTableViewController.h */ = {isa = PBXFileReference; lastKnownFileType = sourcecode.c.h; path = VideoTableViewController.h; sourceTree = "<group>"; };
		5680B8F22D3650C9004B2513 /* VideoTableViewController.m */ = {isa = PBXFileReference; lastKnownFileType = sourcecode.c.objc; path = VideoTableViewController.m; sourceTree = "<group>"; };
		5680B8F62D40E461004B2513 /* SVPrefixHeader.pch */ = {isa = PBXFileReference; lastKnownFileType = sourcecode.c.h; path = SVPrefixHeader.pch; sourceTree = "<group>"; };
		6A8796B7973E5584C4BC1943 /* Pods-SVPlayer.debug.xcconfig */ = {isa = PBXFileReference; includeInIndex = 1; lastKnownFileType = text.xcconfig; name = "Pods-SVPlayer.debug.xcconfig"; path = "Target Support Files/Pods-SVPlayer/Pods-SVPlayer.debug.xcconfig"; sourceTree = "<group>"; };
		AC3608862D3D429700CF2249 /* UserHomeCollectionLayout.h */ = {isa = PBXFileReference; lastKnownFileType = sourcecode.c.h; path = UserHomeCollectionLayout.h; sourceTree = "<group>"; };
		AC3608872D3D429700CF2249 /* UserHomeCollectionLayout.m */ = {isa = PBXFileReference; lastKnownFileType = sourcecode.c.objc; path = UserHomeCollectionLayout.m; sourceTree = "<group>"; };
		ACC1B2AC2D3D5DA400903D15 /* UserInfoHeader.h */ = {isa = PBXFileReference; lastKnownFileType = sourcecode.c.h; path = UserInfoHeader.h; sourceTree = "<group>"; };
		ACC1B2AD2D3D5DA400903D15 /* UserInfoHeader.m */ = {isa = PBXFileReference; lastKnownFileType = sourcecode.c.objc; path = UserInfoHeader.m; sourceTree = "<group>"; };
		ACC1B2AF2D51113200903D15 /* SlideTabBar.h */ = {isa = PBXFileReference; lastKnownFileType = sourcecode.c.h; path = SlideTabBar.h; sourceTree = "<group>"; };
		ACC1B2B02D51113200903D15 /* SlideTabBar.m */ = {isa = PBXFileReference; lastKnownFileType = sourcecode.c.objc; path = SlideTabBar.m; sourceTree = "<group>"; };
/* End PBXFileReference section */

/* Begin PBXFrameworksBuildPhase section */
		5680B8C02D36416E004B2513 /* Frameworks */ = {
			isa = PBXFrameworksBuildPhase;
			buildActionMask = 2147483647;
			files = (
				0F84F2B163178C566E0BBA09 /* libPods-SVPlayer.a in Frameworks */,
			);
			runOnlyForDeploymentPostprocessing = 0;
		};
/* End PBXFrameworksBuildPhase section */

/* Begin PBXGroup section */
		1E46569655DED4F2457220FE /* Frameworks */ = {
			isa = PBXGroup;
			children = (
				11D8E6633CF2D1C592997153 /* libPods-SVPlayer.a */,
			);
			name = Frameworks;
			sourceTree = "<group>";
		};
		3593817EF436796B4CC2C46A /* Pods */ = {
			isa = PBXGroup;
			children = (
				6A8796B7973E5584C4BC1943 /* Pods-SVPlayer.debug.xcconfig */,
				4BEC7E7ED64F521AD3FD5BF5 /* Pods-SVPlayer.release.xcconfig */,
			);
			name = Pods;
			path = Pods;
			sourceTree = "<group>";
		};
		5680B8BA2D36416E004B2513 = {
			isa = PBXGroup;
			children = (
				5680B8C52D36416E004B2513 /* SVPlayer */,
				5680B8C42D36416E004B2513 /* Products */,
				3593817EF436796B4CC2C46A /* Pods */,
				1E46569655DED4F2457220FE /* Frameworks */,
			);
			sourceTree = "<group>";
		};
		5680B8C42D36416E004B2513 /* Products */ = {
			isa = PBXGroup;
			children = (
				5680B8C32D36416E004B2513 /* SVPlayer.app */,
			);
			name = Products;
			sourceTree = "<group>";
		};
		5680B8C52D36416E004B2513 /* SVPlayer */ = {
			isa = PBXGroup;
			children = (
				5680B8F42D40D0DA004B2513 /* Resource */,
				5680B8DF2D36425C004B2513 /* Controller */,
				5680B8C62D36416E004B2513 /* AppDelegate.h */,
				5680B8C72D36416E004B2513 /* AppDelegate.m */,
				5680B8D42D364170004B2513 /* LaunchScreen.storyboard */,
				5680B8D72D364170004B2513 /* Info.plist */,
				5680B8D82D364170004B2513 /* main.m */,
				5680B8F62D40E461004B2513 /* SVPrefixHeader.pch */,
			);
			path = SVPlayer;
			sourceTree = "<group>";
		};
		5680B8DF2D36425C004B2513 /* Controller */ = {
			isa = PBXGroup;
			children = (
				5680B8F02D364F65004B2513 /* VideoTable */,
				5680B8EC2D364E20004B2513 /* UserHome */,
				5680B8E62D364812004B2513 /* SVTabBarViewController.h */,
				5680B8E72D364812004B2513 /* SVTabBarViewController.m */,
			);
			path = Controller;
			sourceTree = "<group>";
		};
		5680B8EC2D364E20004B2513 /* UserHome */ = {
			isa = PBXGroup;
			children = (
				5680B8ED2D364E91004B2513 /* UserHomeViewController.h */,
				5680B8EE2D364E91004B2513 /* UserHomeViewController.m */,
				AC3608862D3D429700CF2249 /* UserHomeCollectionLayout.h */,
				AC3608872D3D429700CF2249 /* UserHomeCollectionLayout.m */,
				ACC1B2AC2D3D5DA400903D15 /* UserInfoHeader.h */,
				ACC1B2AD2D3D5DA400903D15 /* UserInfoHeader.m */,
				ACC1B2AF2D51113200903D15 /* SlideTabBar.h */,
				ACC1B2B02D51113200903D15 /* SlideTabBar.m */,
			);
			path = UserHome;
			sourceTree = "<group>";
		};
		5680B8F02D364F65004B2513 /* VideoTable */ = {
			isa = PBXGroup;
			children = (
				5680B8F12D3650C9004B2513 /* VideoTableViewController.h */,
				5680B8F22D3650C9004B2513 /* VideoTableViewController.m */,
			);
			path = VideoTable;
			sourceTree = "<group>";
		};
		5680B8F42D40D0DA004B2513 /* Resource */ = {
			isa = PBXGroup;
			children = (
				5680B8D22D364170004B2513 /* Assets.xcassets */,
			);
			path = Resource;
			sourceTree = "<group>";
		};
/* End PBXGroup section */

/* Begin PBXNativeTarget section */
		5680B8C22D36416E004B2513 /* SVPlayer */ = {
			isa = PBXNativeTarget;
			buildConfigurationList = 5680B8DC2D364170004B2513 /* Build configuration list for PBXNativeTarget "SVPlayer" */;
			buildPhases = (
				C46F72C4B77ABCB911A2C11C /* [CP] Check Pods Manifest.lock */,
				5680B8BF2D36416E004B2513 /* Sources */,
				5680B8C02D36416E004B2513 /* Frameworks */,
				5680B8C12D36416E004B2513 /* Resources */,
			);
			buildRules = (
			);
			dependencies = (
			);
			name = SVPlayer;
			productName = SVPlayer;
			productReference = 5680B8C32D36416E004B2513 /* SVPlayer.app */;
			productType = "com.apple.product-type.application";
		};
/* End PBXNativeTarget section */

/* Begin PBXProject section */
		5680B8BB2D36416E004B2513 /* Project object */ = {
			isa = PBXProject;
			attributes = {
				BuildIndependentTargetsInParallel = 1;
				LastUpgradeCheck = 1340;
				TargetAttributes = {
					5680B8C22D36416E004B2513 = {
						CreatedOnToolsVersion = 13.4;
					};
				};
			};
			buildConfigurationList = 5680B8BE2D36416E004B2513 /* Build configuration list for PBXProject "SVPlayer" */;
			compatibilityVersion = "Xcode 13.0";
			developmentRegion = en;
			hasScannedForEncodings = 0;
			knownRegions = (
				en,
				Base,
			);
			mainGroup = 5680B8BA2D36416E004B2513;
			productRefGroup = 5680B8C42D36416E004B2513 /* Products */;
			projectDirPath = "";
			projectRoot = "";
			targets = (
				5680B8C22D36416E004B2513 /* SVPlayer */,
			);
		};
/* End PBXProject section */

/* Begin PBXResourcesBuildPhase section */
		5680B8C12D36416E004B2513 /* Resources */ = {
			isa = PBXResourcesBuildPhase;
			buildActionMask = 2147483647;
			files = (
				5680B8D62D364170004B2513 /* LaunchScreen.storyboard in Resources */,
				5680B8D32D364170004B2513 /* Assets.xcassets in Resources */,
			);
			runOnlyForDeploymentPostprocessing = 0;
		};
/* End PBXResourcesBuildPhase section */

/* Begin PBXShellScriptBuildPhase section */
		C46F72C4B77ABCB911A2C11C /* [CP] Check Pods Manifest.lock */ = {
			isa = PBXShellScriptBuildPhase;
			buildActionMask = 2147483647;
			files = (
			);
			inputFileListPaths = (
			);
			inputPaths = (
				"${PODS_PODFILE_DIR_PATH}/Podfile.lock",
				"${PODS_ROOT}/Manifest.lock",
			);
			name = "[CP] Check Pods Manifest.lock";
			outputFileListPaths = (
			);
			outputPaths = (
				"$(DERIVED_FILE_DIR)/Pods-SVPlayer-checkManifestLockResult.txt",
			);
			runOnlyForDeploymentPostprocessing = 0;
			shellPath = /bin/sh;
			shellScript = "diff \"${PODS_PODFILE_DIR_PATH}/Podfile.lock\" \"${PODS_ROOT}/Manifest.lock\" > /dev/null\nif [ $? != 0 ] ; then\n    # print error to STDERR\n    echo \"error: The sandbox is not in sync with the Podfile.lock. Run 'pod install' or update your CocoaPods installation.\" >&2\n    exit 1\nfi\n# This output is used by Xcode 'outputs' to avoid re-running this script phase.\necho \"SUCCESS\" > \"${SCRIPT_OUTPUT_FILE_0}\"\n";
			showEnvVarsInLog = 0;
		};
/* End PBXShellScriptBuildPhase section */

/* Begin PBXSourcesBuildPhase section */
		5680B8BF2D36416E004B2513 /* Sources */ = {
			isa = PBXSourcesBuildPhase;
			buildActionMask = 2147483647;
			files = (
				5680B8E82D364812004B2513 /* SVTabBarViewController.m in Sources */,
				5680B8F32D3650C9004B2513 /* VideoTableViewController.m in Sources */,
				5680B8C82D36416E004B2513 /* AppDelegate.m in Sources */,
				ACC1B2AE2D3D5DA400903D15 /* UserInfoHeader.m in Sources */,
				AC3608882D3D429700CF2249 /* UserHomeCollectionLayout.m in Sources */,
				ACC1B2B12D51113200903D15 /* SlideTabBar.m in Sources */,
				5680B8EF2D364E91004B2513 /* UserHomeViewController.m in Sources */,
				5680B8D92D364170004B2513 /* main.m in Sources */,
			);
			runOnlyForDeploymentPostprocessing = 0;
		};
/* End PBXSourcesBuildPhase section */

/* Begin PBXVariantGroup section */
		5680B8D42D364170004B2513 /* LaunchScreen.storyboard */ = {
			isa = PBXVariantGroup;
			children = (
				5680B8D52D364170004B2513 /* Base */,
			);
			name = LaunchScreen.storyboard;
			sourceTree = "<group>";
		};
/* End PBXVariantGroup section */

/* Begin XCBuildConfiguration section */
		5680B8DA2D364170004B2513 /* Debug */ = {
			isa = XCBuildConfiguration;
			buildSettings = {
				ALWAYS_SEARCH_USER_PATHS = NO;
				CLANG_ANALYZER_NONNULL = YES;
				CLANG_ANALYZER_NUMBER_OBJECT_CONVERSION = YES_AGGRESSIVE;
				CLANG_CXX_LANGUAGE_STANDARD = "gnu++17";
				CLANG_ENABLE_MODULES = YES;
				CLANG_ENABLE_OBJC_ARC = YES;
				CLANG_ENABLE_OBJC_WEAK = YES;
				CLANG_WARN_BLOCK_CAPTURE_AUTORELEASING = YES;
				CLANG_WARN_BOOL_CONVERSION = YES;
				CLANG_WARN_COMMA = YES;
				CLANG_WARN_CONSTANT_CONVERSION = YES;
				CLANG_WARN_DEPRECATED_OBJC_IMPLEMENTATIONS = YES;
				CLANG_WARN_DIRECT_OBJC_ISA_USAGE = YES_ERROR;
				CLANG_WARN_DOCUMENTATION_COMMENTS = YES;
				CLANG_WARN_EMPTY_BODY = YES;
				CLANG_WARN_ENUM_CONVERSION = YES;
				CLANG_WARN_INFINITE_RECURSION = YES;
				CLANG_WARN_INT_CONVERSION = YES;
				CLANG_WARN_NON_LITERAL_NULL_CONVERSION = YES;
				CLANG_WARN_OBJC_IMPLICIT_RETAIN_SELF = YES;
				CLANG_WARN_OBJC_LITERAL_CONVERSION = YES;
				CLANG_WARN_OBJC_ROOT_CLASS = YES_ERROR;
				CLANG_WARN_QUOTED_INCLUDE_IN_FRAMEWORK_HEADER = YES;
				CLANG_WARN_RANGE_LOOP_ANALYSIS = YES;
				CLANG_WARN_STRICT_PROTOTYPES = YES;
				CLANG_WARN_SUSPICIOUS_MOVE = YES;
				CLANG_WARN_UNGUARDED_AVAILABILITY = YES_AGGRESSIVE;
				CLANG_WARN_UNREACHABLE_CODE = YES;
				CLANG_WARN__DUPLICATE_METHOD_MATCH = YES;
				COPY_PHASE_STRIP = NO;
				DEBUG_INFORMATION_FORMAT = dwarf;
				ENABLE_STRICT_OBJC_MSGSEND = YES;
				ENABLE_TESTABILITY = YES;
				GCC_C_LANGUAGE_STANDARD = gnu11;
				GCC_DYNAMIC_NO_PIC = NO;
				GCC_NO_COMMON_BLOCKS = YES;
				GCC_OPTIMIZATION_LEVEL = 0;
				GCC_PREPROCESSOR_DEFINITIONS = (
					"DEBUG=1",
					"$(inherited)",
				);
				GCC_WARN_64_TO_32_BIT_CONVERSION = YES;
				GCC_WARN_ABOUT_RETURN_TYPE = YES_ERROR;
				GCC_WARN_UNDECLARED_SELECTOR = YES;
				GCC_WARN_UNINITIALIZED_AUTOS = YES_AGGRESSIVE;
				GCC_WARN_UNUSED_FUNCTION = YES;
				GCC_WARN_UNUSED_VARIABLE = YES;
				IPHONEOS_DEPLOYMENT_TARGET = 15.5;
				MTL_ENABLE_DEBUG_INFO = INCLUDE_SOURCE;
				MTL_FAST_MATH = YES;
				ONLY_ACTIVE_ARCH = YES;
				SDKROOT = iphoneos;
			};
			name = Debug;
		};
		5680B8DB2D364170004B2513 /* Release */ = {
			isa = XCBuildConfiguration;
			buildSettings = {
				ALWAYS_SEARCH_USER_PATHS = NO;
				CLANG_ANALYZER_NONNULL = YES;
				CLANG_ANALYZER_NUMBER_OBJECT_CONVERSION = YES_AGGRESSIVE;
				CLANG_CXX_LANGUAGE_STANDARD = "gnu++17";
				CLANG_ENABLE_MODULES = YES;
				CLANG_ENABLE_OBJC_ARC = YES;
				CLANG_ENABLE_OBJC_WEAK = YES;
				CLANG_WARN_BLOCK_CAPTURE_AUTORELEASING = YES;
				CLANG_WARN_BOOL_CONVERSION = YES;
				CLANG_WARN_COMMA = YES;
				CLANG_WARN_CONSTANT_CONVERSION = YES;
				CLANG_WARN_DEPRECATED_OBJC_IMPLEMENTATIONS = YES;
				CLANG_WARN_DIRECT_OBJC_ISA_USAGE = YES_ERROR;
				CLANG_WARN_DOCUMENTATION_COMMENTS = YES;
				CLANG_WARN_EMPTY_BODY = YES;
				CLANG_WARN_ENUM_CONVERSION = YES;
				CLANG_WARN_INFINITE_RECURSION = YES;
				CLANG_WARN_INT_CONVERSION = YES;
				CLANG_WARN_NON_LITERAL_NULL_CONVERSION = YES;
				CLANG_WARN_OBJC_IMPLICIT_RETAIN_SELF = YES;
				CLANG_WARN_OBJC_LITERAL_CONVERSION = YES;
				CLANG_WARN_OBJC_ROOT_CLASS = YES_ERROR;
				CLANG_WARN_QUOTED_INCLUDE_IN_FRAMEWORK_HEADER = YES;
				CLANG_WARN_RANGE_LOOP_ANALYSIS = YES;
				CLANG_WARN_STRICT_PROTOTYPES = YES;
				CLANG_WARN_SUSPICIOUS_MOVE = YES;
				CLANG_WARN_UNGUARDED_AVAILABILITY = YES_AGGRESSIVE;
				CLANG_WARN_UNREACHABLE_CODE = YES;
				CLANG_WARN__DUPLICATE_METHOD_MATCH = YES;
				COPY_PHASE_STRIP = NO;
				DEBUG_INFORMATION_FORMAT = "dwarf-with-dsym";
				ENABLE_NS_ASSERTIONS = NO;
				ENABLE_STRICT_OBJC_MSGSEND = YES;
				GCC_C_LANGUAGE_STANDARD = gnu11;
				GCC_NO_COMMON_BLOCKS = YES;
				GCC_WARN_64_TO_32_BIT_CONVERSION = YES;
				GCC_WARN_ABOUT_RETURN_TYPE = YES_ERROR;
				GCC_WARN_UNDECLARED_SELECTOR = YES;
				GCC_WARN_UNINITIALIZED_AUTOS = YES_AGGRESSIVE;
				GCC_WARN_UNUSED_FUNCTION = YES;
				GCC_WARN_UNUSED_VARIABLE = YES;
				IPHONEOS_DEPLOYMENT_TARGET = 15.5;
				MTL_ENABLE_DEBUG_INFO = NO;
				MTL_FAST_MATH = YES;
				SDKROOT = iphoneos;
				VALIDATE_PRODUCT = YES;
			};
			name = Release;
		};
		5680B8DD2D364170004B2513 /* Debug */ = {
			isa = XCBuildConfiguration;
			baseConfigurationReference = 6A8796B7973E5584C4BC1943 /* Pods-SVPlayer.debug.xcconfig */;
			buildSettings = {
				ASSETCATALOG_COMPILER_APPICON_NAME = AppIcon;
				ASSETCATALOG_COMPILER_GLOBAL_ACCENT_COLOR_NAME = AccentColor;
				CODE_SIGN_STYLE = Automatic;
				CURRENT_PROJECT_VERSION = 1;
				DEVELOPMENT_TEAM = U69CD7R9A9;
				GCC_PREFIX_HEADER = "$(SRCROOT)/SVPlayer/SVPrefixHeader.pch";
				GENERATE_INFOPLIST_FILE = YES;
				INFOPLIST_FILE = SVPlayer/Info.plist;
				INFOPLIST_KEY_LSApplicationCategoryType = "";
				INFOPLIST_KEY_UIApplicationSupportsIndirectInputEvents = YES;
				INFOPLIST_KEY_UILaunchStoryboardName = LaunchScreen;
				INFOPLIST_KEY_UISupportedInterfaceOrientations_iPad = "UIInterfaceOrientationPortrait UIInterfaceOrientationPortraitUpsideDown UIInterfaceOrientationLandscapeLeft UIInterfaceOrientationLandscapeRight";
				INFOPLIST_KEY_UISupportedInterfaceOrientations_iPhone = "UIInterfaceOrientationPortrait UIInterfaceOrientationLandscapeLeft UIInterfaceOrientationLandscapeRight";
				IPHONEOS_DEPLOYMENT_TARGET = 14.2;
				LD_RUNPATH_SEARCH_PATHS = (
					"$(inherited)",
					"@executable_path/Frameworks",
				);
				MARKETING_VERSION = 1.0;
				PRODUCT_BUNDLE_IDENTIFIER = com.test.SVPlayer;
				PRODUCT_NAME = "$(TARGET_NAME)";
				SWIFT_EMIT_LOC_STRINGS = YES;
				TARGETED_DEVICE_FAMILY = "1,2";
			};
			name = Debug;
		};
		5680B8DE2D364170004B2513 /* Release */ = {
			isa = XCBuildConfiguration;
			baseConfigurationReference = 4BEC7E7ED64F521AD3FD5BF5 /* Pods-SVPlayer.release.xcconfig */;
			buildSettings = {
				ASSETCATALOG_COMPILER_APPICON_NAME = AppIcon;
				ASSETCATALOG_COMPILER_GLOBAL_ACCENT_COLOR_NAME = AccentColor;
				CODE_SIGN_STYLE = Automatic;
				CURRENT_PROJECT_VERSION = 1;
				DEVELOPMENT_TEAM = U69CD7R9A9;
				GCC_PREFIX_HEADER = "$(SRCROOT)/SVPlayer/SVPrefixHeader.pch";
				GENERATE_INFOPLIST_FILE = YES;
				INFOPLIST_FILE = SVPlayer/Info.plist;
				INFOPLIST_KEY_LSApplicationCategoryType = "";
				INFOPLIST_KEY_UIApplicationSupportsIndirectInputEvents = YES;
				INFOPLIST_KEY_UILaunchStoryboardName = LaunchScreen;
				INFOPLIST_KEY_UISupportedInterfaceOrientations_iPad = "UIInterfaceOrientationPortrait UIInterfaceOrientationPortraitUpsideDown UIInterfaceOrientationLandscapeLeft UIInterfaceOrientationLandscapeRight";
				INFOPLIST_KEY_UISupportedInterfaceOrientations_iPhone = "UIInterfaceOrientationPortrait UIInterfaceOrientationLandscapeLeft UIInterfaceOrientationLandscapeRight";
				IPHONEOS_DEPLOYMENT_TARGET = 14.2;
				LD_RUNPATH_SEARCH_PATHS = (
					"$(inherited)",
					"@executable_path/Frameworks",
				);
				MARKETING_VERSION = 1.0;
				PRODUCT_BUNDLE_IDENTIFIER = com.test.SVPlayer;
				PRODUCT_NAME = "$(TARGET_NAME)";
				SWIFT_EMIT_LOC_STRINGS = YES;
				TARGETED_DEVICE_FAMILY = "1,2";
			};
			name = Release;
		};
/* End XCBuildConfiguration section */

/* Begin XCConfigurationList section */
		5680B8BE2D36416E004B2513 /* Build configuration list for PBXProject "SVPlayer" */ = {
			isa = XCConfigurationList;
			buildConfigurations = (
				5680B8DA2D364170004B2513 /* Debug */,
				5680B8DB2D364170004B2513 /* Release */,
			);
			defaultConfigurationIsVisible = 0;
			defaultConfigurationName = Release;
		};
		5680B8DC2D364170004B2513 /* Build configuration list for PBXNativeTarget "SVPlayer" */ = {
			isa = XCConfigurationList;
			buildConfigurations = (
				5680B8DD2D364170004B2513 /* Debug */,
				5680B8DE2D364170004B2513 /* Release */,
			);
			defaultConfigurationIsVisible = 0;
			defaultConfigurationName = Release;
		};
/* End XCConfigurationList section */
	};
	rootObject = 5680B8BB2D36416E004B2513 /* Project object */;
}
